
Microsoft Visual Studio Solution File, Format Version 12.00
# Visual Studio Version 17
VisualStudioVersion = 17.8.34511.84
MinimumVisualStudioVersion = 10.0.40219.1
Project("{FAE04EC0-301F-11D3-BF4B-00C04F79EFBC}") = "WpfApp24", "WpfApp24\WpfApp24.csproj", "{CE27A6A9-72B9-4A5D-A562-65AB7FB345BD}"
EndProject
Global
	GlobalSection(SolutionConfigurationPlatforms) = preSolution
		Debug|Any CPU = Debug|Any CPU
		Release|Any CPU = Release|Any CPU
	EndGlobalSection
	GlobalSection(ProjectConfigurationPlatforms) = postSolution
		{CE27A6A9-72B9-4A5D-A562-65AB7FB345BD}.Debug|Any CPU.ActiveCfg = Debug|Any CPU
		{CE27A6A9-72B9-4A5D-A562-65AB7FB345BD}.Debug|Any CPU.Build.0 = Debug|Any CPU
		{CE27A6A9-72B9-4A5D-A562-65AB7FB345BD}.Release|Any CPU.ActiveCfg = Release|Any CPU
		{CE27A6A9-72B9-4A5D-A562-65AB7FB345BD}.Release|Any CPU.Build.0 = Release|Any CPU
	EndGlobalSection
	GlobalSection(SolutionProperties) = preSolution
		HideSolutionNode = FALSE
	EndGlobalSection
	GlobalSection(ExtensibilityGlobals) = postSolution
		SolutionGuid = {322186FD-91B5-48ED-AE40-7522012A8830}
	EndGlobalSection
EndGlobal
